# Exact upstream revisions selected on 2026-08-16.
ROBROWSERLEGACY_BRANCH=master
ROBROWSERLEGACY_UPSTREAM_COMMIT=402e61ce7ae80cd45c76365371d4dbfd6aa10f49
RATHENA_BRANCH=master
RATHENA_UPSTREAM_COMMIT=2fe6ab3dc4d830b11d93fb44c3b48436571890bd
REMOTE_CLIENT_JS_BRANCH=main
REMOTE_CLIENT_JS_UPSTREAM_COMMIT=cf82d4adeb93c3d5333a582ceea838456ec07687
